
Microsoft Visual Studio Solution File, Format Version 12.00
# Visual Studio 15
VisualStudioVersion = 15.0.26730.15
MinimumVisualStudioVersion = 10.0.40219.1
Project("{2150E333-8FDC-42A3-9474-1A3956D46DE8}") = "DTO", "DTO", "{10D6CF12-2D32-4F67-9E20-3163F012DCF8}"
EndProject
Project("{FAE04EC0-301F-11D3-BF4B-00C04F79EFBC}") = "DTO", "DTO\DTO.csproj", "{33BF1BB2-D982-4F64-9E16-47E730BDC10E}"
EndProject
Project("{2150E333-8FDC-42A3-9474-1A3956D46DE8}") = "Business Layer", "Business Layer", "{12CA67B2-ECE4-49A5-A13E-BE1180A14364}"
EndProject
Project("{FAE04EC0-301F-11D3-BF4B-00C04F79EFBC}") = "Trufl.Business Layer", "Trufl.Business Layer\Trufl.Business Layer.csproj", "{DC1A68D6-E51E-4BEF-BA84-7988F064F5B0}"
EndProject
Project("{2150E333-8FDC-42A3-9474-1A3956D46DE8}") = "Data Access Layer", "Data Access Layer", "{EAC98C23-3088-4328-8198-38DDF678B697}"
EndProject
Project("{FAE04EC0-301F-11D3-BF4B-00C04F79EFBC}") = "Trufl.Data Access Layer", "Trufl.Data Access Layer\Trufl.Data Access Layer.csproj", "{2A7D8377-14DB-4CFF-97BE-BFAE852B89AE}"
EndProject
Project("{2150E333-8FDC-42A3-9474-1A3956D46DE8}") = "Logging", "Logging", "{89ECF827-7132-43BC-9A1F-35870B776396}"
EndProject
Project("{FAE04EC0-301F-11D3-BF4B-00C04F79EFBC}") = "Trufl.Logging", "Trufl.Logging\Trufl.Logging.csproj", "{2A68113E-3A04-4E48-88EC-2EBCACAE7368}"
EndProject
Project("{2150E333-8FDC-42A3-9474-1A3956D46DE8}") = "Services", "Services", "{8DC8E705-8F38-4B7E-85B7-04B69A646C0B}"
EndProject
Project("{FAE04EC0-301F-11D3-BF4B-00C04F79EFBC}") = "Trufl.Services", "Trufl.Services\Trufl.Services.csproj", "{37B5C523-1FB9-4D7D-B5A2-284A98AC21F5}"
EndProject
Project("{2150E333-8FDC-42A3-9474-1A3956D46DE8}") = "Web", "Web", "{A7474398-C762-4CB8-A293-6AEA816A271E}"
EndProject
Project("{9A19103F-16F7-4668-BE54-9A1E7A4F7556}") = "Trufl", "Web\Trufl.csproj", "{77E62F70-8F75-4BC6-8B24-DC8B090DC63A}"
EndProject
Project("{2150E333-8FDC-42A3-9474-1A3956D46DE8}") = "EmailService", "EmailService", "{CAFF26B5-6EEC-400A-9EA6-F9F846D66681}"
EndProject
Project("{FAE04EC0-301F-11D3-BF4B-00C04F79EFBC}") = "TruflEmailService", "TruflEmailService\TruflEmailService.csproj", "{ADE0984D-F4CA-474B-A324-6A006C9FC87B}"
EndProject
Global
	GlobalSection(SolutionConfigurationPlatforms) = preSolution
		Debug|Any CPU = Debug|Any CPU
		Release|Any CPU = Release|Any CPU
	EndGlobalSection
	GlobalSection(ProjectConfigurationPlatforms) = postSolution
		{33BF1BB2-D982-4F64-9E16-47E730BDC10E}.Debug|Any CPU.ActiveCfg = Debug|Any CPU
		{33BF1BB2-D982-4F64-9E16-47E730BDC10E}.Debug|Any CPU.Build.0 = Debug|Any CPU
		{33BF1BB2-D982-4F64-9E16-47E730BDC10E}.Release|Any CPU.ActiveCfg = Release|Any CPU
		{33BF1BB2-D982-4F64-9E16-47E730BDC10E}.Release|Any CPU.Build.0 = Release|Any CPU
		{DC1A68D6-E51E-4BEF-BA84-7988F064F5B0}.Debug|Any CPU.ActiveCfg = Debug|Any CPU
		{DC1A68D6-E51E-4BEF-BA84-7988F064F5B0}.Debug|Any CPU.Build.0 = Debug|Any CPU
		{DC1A68D6-E51E-4BEF-BA84-7988F064F5B0}.Release|Any CPU.ActiveCfg = Release|Any CPU
		{DC1A68D6-E51E-4BEF-BA84-7988F064F5B0}.Release|Any CPU.Build.0 = Release|Any CPU
		{2A7D8377-14DB-4CFF-97BE-BFAE852B89AE}.Debug|Any CPU.ActiveCfg = Debug|Any CPU
		{2A7D8377-14DB-4CFF-97BE-BFAE852B89AE}.Debug|Any CPU.Build.0 = Debug|Any CPU
		{2A7D8377-14DB-4CFF-97BE-BFAE852B89AE}.Release|Any CPU.ActiveCfg = Release|Any CPU
		{2A7D8377-14DB-4CFF-97BE-BFAE852B89AE}.Release|Any CPU.Build.0 = Release|Any CPU
		{2A68113E-3A04-4E48-88EC-2EBCACAE7368}.Debug|Any CPU.ActiveCfg = Debug|Any CPU
		{2A68113E-3A04-4E48-88EC-2EBCACAE7368}.Debug|Any CPU.Build.0 = Debug|Any CPU
		{2A68113E-3A04-4E48-88EC-2EBCACAE7368}.Release|Any CPU.ActiveCfg = Release|Any CPU
		{2A68113E-3A04-4E48-88EC-2EBCACAE7368}.Release|Any CPU.Build.0 = Release|Any CPU
		{37B5C523-1FB9-4D7D-B5A2-284A98AC21F5}.Debug|Any CPU.ActiveCfg = Debug|Any CPU
		{37B5C523-1FB9-4D7D-B5A2-284A98AC21F5}.Debug|Any CPU.Build.0 = Debug|Any CPU
		{37B5C523-1FB9-4D7D-B5A2-284A98AC21F5}.Release|Any CPU.ActiveCfg = Release|Any CPU
		{37B5C523-1FB9-4D7D-B5A2-284A98AC21F5}.Release|Any CPU.Build.0 = Release|Any CPU
		{77E62F70-8F75-4BC6-8B24-DC8B090DC63A}.Debug|Any CPU.ActiveCfg = Debug|Any CPU
		{77E62F70-8F75-4BC6-8B24-DC8B090DC63A}.Debug|Any CPU.Build.0 = Debug|Any CPU
		{77E62F70-8F75-4BC6-8B24-DC8B090DC63A}.Release|Any CPU.ActiveCfg = Release|Any CPU
		{77E62F70-8F75-4BC6-8B24-DC8B090DC63A}.Release|Any CPU.Build.0 = Release|Any CPU
		{ADE0984D-F4CA-474B-A324-6A006C9FC87B}.Debug|Any CPU.ActiveCfg = Debug|Any CPU
		{ADE0984D-F4CA-474B-A324-6A006C9FC87B}.Debug|Any CPU.Build.0 = Debug|Any CPU
		{ADE0984D-F4CA-474B-A324-6A006C9FC87B}.Release|Any CPU.ActiveCfg = Release|Any CPU
		{ADE0984D-F4CA-474B-A324-6A006C9FC87B}.Release|Any CPU.Build.0 = Release|Any CPU
	EndGlobalSection
	GlobalSection(SolutionProperties) = preSolution
		HideSolutionNode = FALSE
	EndGlobalSection
	GlobalSection(NestedProjects) = preSolution
		{33BF1BB2-D982-4F64-9E16-47E730BDC10E} = {10D6CF12-2D32-4F67-9E20-3163F012DCF8}
		{DC1A68D6-E51E-4BEF-BA84-7988F064F5B0} = {12CA67B2-ECE4-49A5-A13E-BE1180A14364}
		{2A7D8377-14DB-4CFF-97BE-BFAE852B89AE} = {EAC98C23-3088-4328-8198-38DDF678B697}
		{2A68113E-3A04-4E48-88EC-2EBCACAE7368} = {89ECF827-7132-43BC-9A1F-35870B776396}
		{37B5C523-1FB9-4D7D-B5A2-284A98AC21F5} = {8DC8E705-8F38-4B7E-85B7-04B69A646C0B}
		{77E62F70-8F75-4BC6-8B24-DC8B090DC63A} = {A7474398-C762-4CB8-A293-6AEA816A271E}
		{ADE0984D-F4CA-474B-A324-6A006C9FC87B} = {CAFF26B5-6EEC-400A-9EA6-F9F846D66681}
	EndGlobalSection
	GlobalSection(ExtensibilityGlobals) = postSolution
		SolutionGuid = {016F2DD8-8ADF-4800-99B3-60473555948B}
	EndGlobalSection
EndGlobal
